// !$*UTF8*$!
{
	archiveVersion = 1;
	classes = {
	};
	objectVersion = 77;
	objects = {

/* Begin PBXContainerItemProxy section */
		06EF040E2D497D9600C625AF /* PBXContainerItemProxy */ = {
			isa = PBXContainerItemProxy;
			containerPortal = 06EF03EF2D497D9500C625AF /* Project object */;
			proxyType = 1;
			remoteGlobalIDString = 06EF03F62D497D9500C625AF;
			remoteInfo = "Personal-Task";
		};
		06EF04182D497D9700C625AF /* PBXContainerItemProxy */ = {
			isa = PBXContainerItemProxy;
			containerPortal = 06EF03EF2D497D9500C625AF /* Project object */;
			proxyType = 1;
			remoteGlobalIDString = 06EF03F62D497D9500C625AF;
			remoteInfo = "Personal-Task";
		};
/* End PBXContainerItemProxy section */

/* Begin PBXFileReference section */
		06EF03F72D497D9600C625AF /* Personal-Task.app */ = {isa = PBXFileReference; explicitFileType = wrapper.application; includeInIndex = 0; path = "Personal-Task.app"; sourceTree = BUILT_PRODUCTS_DIR; };
		06EF040D2D497D9600C625AF /* Personal-TaskTests.xctest */ = {isa = PBXFileReference; explicitFileType = wrapper.cfbundle; includeInIndex = 0; path = "Personal-TaskTests.xctest"; sourceTree = BUILT_PRODUCTS_DIR; };
		06EF04172D497D9700C625AF /* Personal-TaskUITests.xctest */ = {isa = PBXFileReference; explicitFileType = wrapper.cfbundle; includeInIndex = 0; path = "Personal-TaskUITests.xctest"; sourceTree = BUILT_PRODUCTS_DIR; };
/* End PBXFileReference section */

/* Begin PBXFileSystemSynchronizedBuildFileExceptionSet section */
		06EF041F2D497D9700C625AF /* Exceptions for "Personal-Task" folder in "Personal-Task" target */ = {
			isa = PBXFileSystemSynchronizedBuildFileExceptionSet;
			membershipExceptions = (
				Info.plist,
			);
			target = 06EF03F62D497D9500C625AF /* Personal-Task */;
		};
/* End PBXFileSystemSynchronizedBuildFileExceptionSet section */

/* Begin PBXFileSystemSynchronizedGroupBuildPhaseMembershipExceptionSet section */
		06DDE6DD2D51408C00852732 /* Exceptions for "Personal-Task" folder in "Compile Sources" phase from "Personal-Task" target */ = {
			isa = PBXFileSystemSynchronizedGroupBuildPhaseMembershipExceptionSet;
			buildPhase = 06EF03F32D497D9500C625AF /* Sources */;
			membershipExceptions = (
				Resources/MockData/Vocabularies.json,
			);
		};
/* End PBXFileSystemSynchronizedGroupBuildPhaseMembershipExceptionSet section */

/* Begin PBXFileSystemSynchronizedRootGroup section */
		06EF03F92D497D9600C625AF /* Personal-Task */ = {
			isa = PBXFileSystemSynchronizedRootGroup;
			exceptions = (
				06EF041F2D497D9700C625AF /* Exceptions for "Personal-Task" folder in "Personal-Task" target */,
				06DDE6DD2D51408C00852732 /* Exceptions for "Personal-Task" folder in "Compile Sources" phase from "Personal-Task" target */,
			);
			path = "Personal-Task";
			sourceTree = "<group>";
		};
		06EF04102D497D9600C625AF /* Personal-TaskTests */ = {
			isa = PBXFileSystemSynchronizedRootGroup;
			path = "Personal-TaskTests";
			sourceTree = "<group>";
		};
		06EF041A2D497D9700C625AF /* Personal-TaskUITests */ = {
			isa = PBXFileSystemSynchronizedRootGroup;
			path = "Personal-TaskUITests";
			sourceTree = "<group>";
		};
/* End PBXFileSystemSynchronizedRootGroup section */

/* Begin PBXFrameworksBuildPhase section */
		06EF03F42D497D9500C625AF /* Frameworks */ = {
			isa = PBXFrameworksBuildPhase;
			buildActionMask = 2147483647;
			files = (
			);
			runOnlyForDeploymentPostprocessing = 0;
		};
		06EF040A2D497D9600C625AF /* Frameworks */ = {
			isa = PBXFrameworksBuildPhase;
			buildActionMask = 2147483647;
			files = (
			);
			runOnlyForDeploymentPostprocessing = 0;
		};
		06EF04142D497D9600C625AF /* Frameworks */ = {
			isa = PBXFrameworksBuildPhase;
			buildActionMask = 2147483647;
			files = (
			);
			runOnlyForDeploymentPostprocessing = 0;
		};
/* End PBXFrameworksBuildPhase section */

/* Begin PBXGroup section */
		06EF03EE2D497D9500C625AF = {
			isa = PBXGroup;
			children = (
				06EF03F92D497D9600C625AF /* Personal-Task */,
				06EF04102D497D9600C625AF /* Personal-TaskTests */,
				06EF041A2D497D9700C625AF /* Personal-TaskUITests */,
				06EF03F82D497D9600C625AF /* Products */,
			);
			sourceTree = "<group>";
		};
		06EF03F82D497D9600C625AF /* Products */ = {
			isa = PBXGroup;
			children = (
				06EF03F72D497D9600C625AF /* Personal-Task.app */,
				06EF040D2D497D9600C625AF /* Personal-TaskTests.xctest */,
				06EF04172D497D9700C625AF /* Personal-TaskUITests.xctest */,
			);
			name = Products;
			sourceTree = "<group>";
		};
/* End PBXGroup section */

/* Begin PBXNativeTarget section */
		06EF03F62D497D9500C625AF /* Personal-Task */ = {
			isa = PBXNativeTarget;
			buildConfigurationList = 06EF04202D497D9700C625AF /* Build configuration list for PBXNativeTarget "Personal-Task" */;
			buildPhases = (
				06EF03F32D497D9500C625AF /* Sources */,
				06EF03F42D497D9500C625AF /* Frameworks */,
				06EF03F52D497D9500C625AF /* Resources */,
			);
			buildRules = (
			);
			dependencies = (
			);
			fileSystemSynchronizedGroups = (
				06EF03F92D497D9600C625AF /* Personal-Task */,
			);
			name = "Personal-Task";
			packageProductDependencies = (
			);
			productName = "Personal-Task";
			productReference = 06EF03F72D497D9600C625AF /* Personal-Task.app */;
			productType = "com.apple.product-type.application";
		};
		06EF040C2D497D9600C625AF /* Personal-TaskTests */ = {
			isa = PBXNativeTarget;
			buildConfigurationList = 06EF04252D497D9700C625AF /* Build configuration list for PBXNativeTarget "Personal-TaskTests" */;
			buildPhases = (
				06EF04092D497D9600C625AF /* Sources */,
				06EF040A2D497D9600C625AF /* Frameworks */,
				06EF040B2D497D9600C625AF /* Resources */,
			);
			buildRules = (
			);
			dependencies = (
				06EF040F2D497D9600C625AF /* PBXTargetDependency */,
			);
			fileSystemSynchronizedGroups = (
				06EF04102D497D9600C625AF /* Personal-TaskTests */,
			);
			name = "Personal-TaskTests";
			packageProductDependencies = (
			);
			productName = "Personal-TaskTests";
			productReference = 06EF040D2D497D9600C625AF /* Personal-TaskTests.xctest */;
			productType = "com.apple.product-type.bundle.unit-test";
		};
		06EF04162D497D9600C625AF /* Personal-TaskUITests */ = {
			isa = PBXNativeTarget;
			buildConfigurationList = 06EF04282D497D9700C625AF /* Build configuration list for PBXNativeTarget "Personal-TaskUITests" */;
			buildPhases = (
				06EF04132D497D9600C625AF /* Sources */,
				06EF04142D497D9600C625AF /* Frameworks */,
				06EF04152D497D9600C625AF /* Resources */,
			);
			buildRules = (
			);
			dependencies = (
				06EF04192D497D9700C625AF /* PBXTargetDependency */,
			);
			fileSystemSynchronizedGroups = (
				06EF041A2D497D9700C625AF /* Personal-TaskUITests */,
			);
			name = "Personal-TaskUITests";
			packageProductDependencies = (
			);
			productName = "Personal-TaskUITests";
			productReference = 06EF04172D497D9700C625AF /* Personal-TaskUITests.xctest */;
			productType = "com.apple.product-type.bundle.ui-testing";
		};
/* End PBXNativeTarget section */

/* Begin PBXProject section */
		06EF03EF2D497D9500C625AF /* Project object */ = {
			isa = PBXProject;
			attributes = {
				BuildIndependentTargetsInParallel = 1;
				LastSwiftUpdateCheck = 1600;
				LastUpgradeCheck = 1600;
				TargetAttributes = {
					06EF03F62D497D9500C625AF = {
						CreatedOnToolsVersion = 16.0;
					};
					06EF040C2D497D9600C625AF = {
						CreatedOnToolsVersion = 16.0;
						TestTargetID = 06EF03F62D497D9500C625AF;
					};
					06EF04162D497D9600C625AF = {
						CreatedOnToolsVersion = 16.0;
						TestTargetID = 06EF03F62D497D9500C625AF;
					};
				};
			};
			buildConfigurationList = 06EF03F22D497D9500C625AF /* Build configuration list for PBXProject "Personal-Task" */;
			developmentRegion = en;
			hasScannedForEncodings = 0;
			knownRegions = (
				en,
				Base,
			);
			mainGroup = 06EF03EE2D497D9500C625AF;
			minimizedProjectReferenceProxies = 1;
			preferredProjectObjectVersion = 77;
			productRefGroup = 06EF03F82D497D9600C625AF /* Products */;
			projectDirPath = "";
			projectRoot = "";
			targets = (
				06EF03F62D497D9500C625AF /* Personal-Task */,
				06EF040C2D497D9600C625AF /* Personal-TaskTests */,
				06EF04162D497D9600C625AF /* Personal-TaskUITests */,
			);
		};
/* End PBXProject section */

/* Begin PBXResourcesBuildPhase section */
		06EF03F52D497D9500C625AF /* Resources */ = {
			isa = PBXResourcesBuildPhase;
			buildActionMask = 2147483647;
			files = (
			);
			runOnlyForDeploymentPostprocessing = 0;
		};
		06EF040B2D497D9600C625AF /* Resources */ = {
			isa = PBXResourcesBuildPhase;
			buildActionMask = 2147483647;
			files = (
			);
			runOnlyForDeploymentPostprocessing = 0;
		};
		06EF04152D497D9600C625AF /* Resources */ = {
			isa = PBXResourcesBuildPhase;
			buildActionMask = 2147483647;
			files = (
			);
			runOnlyForDeploymentPostprocessing = 0;
		};
/* End PBXResourcesBuildPhase section */

/* Begin PBXSourcesBuildPhase section */
		06EF03F32D497D9500C625AF /* Sources */ = {
			isa = PBXSourcesBuildPhase;
			buildActionMask = 2147483647;
			files = (
			);
			runOnlyForDeploymentPostprocessing = 0;
		};
		06EF04092D497D9600C625AF /* Sources */ = {
			isa = PBXSourcesBuildPhase;
			buildActionMask = 2147483647;
			files = (
			);
			runOnlyForDeploymentPostprocessing = 0;
		};
		06EF04132D497D9600C625AF /* Sources */ = {
			isa = PBXSourcesBuildPhase;
			buildActionMask = 2147483647;
			files = (
			);
			runOnlyForDeploymentPostprocessing = 0;
		};
/* End PBXSourcesBuildPhase section */

/* Begin PBXTargetDependency section */
		06EF040F2D497D9600C625AF /* PBXTargetDependency */ = {
			isa = PBXTargetDependency;
			target = 06EF03F62D497D9500C625AF /* Personal-Task */;
			targetProxy = 06EF040E2D497D9600C625AF /* PBXContainerItemProxy */;
		};
		06EF04192D497D9700C625AF /* PBXTargetDependency */ = {
			isa = PBXTargetDependency;
			target = 06EF03F62D497D9500C625AF /* Personal-Task */;
			targetProxy = 06EF04182D497D9700C625AF /* PBXContainerItemProxy */;
		};
/* End PBXTargetDependency section */

/* Begin XCBuildConfiguration section */
		06EF04212D497D9700C625AF /* Debug */ = {
			isa = XCBuildConfiguration;
			buildSettings = {
				ASSETCATALOG_COMPILER_APPICON_NAME = AppIcon;
				ASSETCATALOG_COMPILER_GLOBAL_ACCENT_COLOR_NAME = AccentColor;
				CODE_SIGN_STYLE = Automatic;
				CURRENT_PROJECT_VERSION = 1;
				DEVELOPMENT_TEAM = UL75DVV9D6;
				GENERATE_INFOPLIST_FILE = YES;
				INFOPLIST_FILE = "Personal-Task/Info.plist";
				INFOPLIST_KEY_CFBundleDisplayName = "Vocabulary-Clone";
				INFOPLIST_KEY_LSApplicationCategoryType = "public.app-category.education";
				INFOPLIST_KEY_UIApplicationSupportsIndirectInputEvents = YES;
				INFOPLIST_KEY_UILaunchStoryboardName = LaunchScreen;
				INFOPLIST_KEY_UIMainStoryboardFile = Main;
				INFOPLIST_KEY_UISupportedInterfaceOrientations = UIInterfaceOrientationPortrait;
				LD_RUNPATH_SEARCH_PATHS = (
					"$(inherited)",
					"@executable_path/Frameworks",
				);
				MARKETING_VERSION = 1.0;
				PRODUCT_BUNDLE_IDENTIFIER = "com.mostafa.Personal-Task";
				PRODUCT_NAME = "$(TARGET_NAME)";
				SWIFT_EMIT_LOC_STRINGS = YES;
				SWIFT_VERSION = 5.0;
				TARGETED_DEVICE_FAMILY = "1,2";
			};
			name = Debug;
		};
		06EF04222D497D9700C625AF /* Release */ = {
			isa = XCBuildConfiguration;
			buildSettings = {
				ASSETCATALOG_COMPILER_APPICON_NAME = AppIcon;
				ASSETCATALOG_COMPILER_GLOBAL_ACCENT_COLOR_NAME = AccentColor;
				CODE_SIGN_STYLE = Automatic;
				CURRENT_PROJECT_VERSION = 1;
				DEVELOPMENT_TEAM = UL75DVV9D6;
				GENERATE_INFOPLIST_FILE = YES;
				INFOPLIST_FILE = "Personal-Task/Info.plist";
				INFOPLIST_KEY_CFBundleDisplayName = "Vocabulary-Clone";
				INFOPLIST_KEY_LSApplicationCategoryType = "public.app-category.education";
				INFOPLIST_KEY_UIApplicationSupportsIndirectInputEvents = YES;
				INFOPLIST_KEY_UILaunchStoryboardName = LaunchScreen;
				INFOPLIST_KEY_UIMainStoryboardFile = Main;
				INFOPLIST_KEY_UISupportedInterfaceOrientations = UIInterfaceOrientationPortrait;
				LD_RUNPATH_SEARCH_PATHS = (
					"$(inherited)",
					"@executable_path/Frameworks",
				);
				MARKETING_VERSION = 1.0;
				PRODUCT_BUNDLE_IDENTIFIER = "com.mostafa.Personal-Task";
				PRODUCT_NAME = "$(TARGET_NAME)";
				SWIFT_EMIT_LOC_STRINGS = YES;
				SWIFT_VERSION = 5.0;
				TARGETED_DEVICE_FAMILY = "1,2";
			};
			name = Release;
		};
		06EF04232D497D9700C625AF /* Debug */ = {
			isa = XCBuildConfiguration;
			buildSettings = {
				ALWAYS_SEARCH_USER_PATHS = NO;
				ASSETCATALOG_COMPILER_GENERATE_SWIFT_ASSET_SYMBOL_EXTENSIONS = YES;
				CLANG_ANALYZER_NONNULL = YES;
				CLANG_ANALYZER_NUMBER_OBJECT_CONVERSION = YES_AGGRESSIVE;
				CLANG_CXX_LANGUAGE_STANDARD = "gnu++20";
				CLANG_ENABLE_MODULES = YES;
				CLANG_ENABLE_OBJC_ARC = YES;
				CLANG_ENABLE_OBJC_WEAK = YES;
				CLANG_WARN_BLOCK_CAPTURE_AUTORELEASING = YES;
				CLANG_WARN_BOOL_CONVERSION = YES;
				CLANG_WARN_COMMA = YES;
				CLANG_WARN_CONSTANT_CONVERSION = YES;
				CLANG_WARN_DEPRECATED_OBJC_IMPLEMENTATIONS = YES;
				CLANG_WARN_DIRECT_OBJC_ISA_USAGE = YES_ERROR;
				CLANG_WARN_DOCUMENTATION_COMMENTS = YES;
				CLANG_WARN_EMPTY_BODY = YES;
				CLANG_WARN_ENUM_CONVERSION = YES;
				CLANG_WARN_INFINITE_RECURSION = YES;
				CLANG_WARN_INT_CONVERSION = YES;
				CLANG_WARN_NON_LITERAL_NULL_CONVERSION = YES;
				CLANG_WARN_OBJC_IMPLICIT_RETAIN_SELF = YES;
				CLANG_WARN_OBJC_LITERAL_CONVERSION = YES;
				CLANG_WARN_OBJC_ROOT_CLASS = YES_ERROR;
				CLANG_WARN_QUOTED_INCLUDE_IN_FRAMEWORK_HEADER = YES;
				CLANG_WARN_RANGE_LOOP_ANALYSIS = YES;
				CLANG_WARN_STRICT_PROTOTYPES = YES;
				CLANG_WARN_SUSPICIOUS_MOVE = YES;
				CLANG_WARN_UNGUARDED_AVAILABILITY = YES_AGGRESSIVE;
				CLANG_WARN_UNREACHABLE_CODE = YES;
				CLANG_WARN__DUPLICATE_METHOD_MATCH = YES;
				COPY_PHASE_STRIP = NO;
				DEBUG_INFORMATION_FORMAT = dwarf;
				ENABLE_STRICT_OBJC_MSGSEND = YES;
				ENABLE_TESTABILITY = YES;
				ENABLE_USER_SCRIPT_SANDBOXING = YES;
				GCC_C_LANGUAGE_STANDARD = gnu17;
				GCC_DYNAMIC_NO_PIC = NO;
				GCC_NO_COMMON_BLOCKS = YES;
				GCC_OPTIMIZATION_LEVEL = 0;
				GCC_PREPROCESSOR_DEFINITIONS = (
					"DEBUG=1",
					"$(inherited)",
				);
				GCC_WARN_64_TO_32_BIT_CONVERSION = YES;
				GCC_WARN_ABOUT_RETURN_TYPE = YES_ERROR;
				GCC_WARN_UNDECLARED_SELECTOR = YES;
				GCC_WARN_UNINITIALIZED_AUTOS = YES_AGGRESSIVE;
				GCC_WARN_UNUSED_FUNCTION = YES;
				GCC_WARN_UNUSED_VARIABLE = YES;
				IPHONEOS_DEPLOYMENT_TARGET = 18.0;
				LOCALIZATION_PREFERS_STRING_CATALOGS = YES;
				MTL_ENABLE_DEBUG_INFO = INCLUDE_SOURCE;
				MTL_FAST_MATH = YES;
				ONLY_ACTIVE_ARCH = YES;
				SDKROOT = iphoneos;
				SWIFT_ACTIVE_COMPILATION_CONDITIONS = "DEBUG $(inherited)";
				SWIFT_OPTIMIZATION_LEVEL = "-Onone";
			};
			name = Debug;
		};
		06EF04242D497D9700C625AF /* Release */ = {
			isa = XCBuildConfiguration;
			buildSettings = {
				ALWAYS_SEARCH_USER_PATHS = NO;
				ASSETCATALOG_COMPILER_GENERATE_SWIFT_ASSET_SYMBOL_EXTENSIONS = YES;
				CLANG_ANALYZER_NONNULL = YES;
				CLANG_ANALYZER_NUMBER_OBJECT_CONVERSION = YES_AGGRESSIVE;
				CLANG_CXX_LANGUAGE_STANDARD = "gnu++20";
				CLANG_ENABLE_MODULES = YES;
				CLANG_ENABLE_OBJC_ARC = YES;
				CLANG_ENABLE_OBJC_WEAK = YES;
				CLANG_WARN_BLOCK_CAPTURE_AUTORELEASING = YES;
				CLANG_WARN_BOOL_CONVERSION = YES;
				CLANG_WARN_COMMA = YES;
				CLANG_WARN_CONSTANT_CONVERSION = YES;
				CLANG_WARN_DEPRECATED_OBJC_IMPLEMENTATIONS = YES;
				CLANG_WARN_DIRECT_OBJC_ISA_USAGE = YES_ERROR;
				CLANG_WARN_DOCUMENTATION_COMMENTS = YES;
				CLANG_WARN_EMPTY_BODY = YES;
				CLANG_WARN_ENUM_CONVERSION = YES;
				CLANG_WARN_INFINITE_RECURSION = YES;
				CLANG_WARN_INT_CONVERSION = YES;
				CLANG_WARN_NON_LITERAL_NULL_CONVERSION = YES;
				CLANG_WARN_OBJC_IMPLICIT_RETAIN_SELF = YES;
				CLANG_WARN_OBJC_LITERAL_CONVERSION = YES;
				CLANG_WARN_OBJC_ROOT_CLASS = YES_ERROR;
				CLANG_WARN_QUOTED_INCLUDE_IN_FRAMEWORK_HEADER = YES;
				CLANG_WARN_RANGE_LOOP_ANALYSIS = YES;
				CLANG_WARN_STRICT_PROTOTYPES = YES;
				CLANG_WARN_SUSPICIOUS_MOVE = YES;
				CLANG_WARN_UNGUARDED_AVAILABILITY = YES_AGGRESSIVE;
				CLANG_WARN_UNREACHABLE_CODE = YES;
				CLANG_WARN__DUPLICATE_METHOD_MATCH = YES;
				COPY_PHASE_STRIP = NO;
				DEBUG_INFORMATION_FORMAT = "dwarf-with-dsym";
				ENABLE_NS_ASSERTIONS = NO;
				ENABLE_STRICT_OBJC_MSGSEND = YES;
				ENABLE_USER_SCRIPT_SANDBOXING = YES;
				GCC_C_LANGUAGE_STANDARD = gnu17;
				GCC_NO_COMMON_BLOCKS = YES;
				GCC_WARN_64_TO_32_BIT_CONVERSION = YES;
				GCC_WARN_ABOUT_RETURN_TYPE = YES_ERROR;
				GCC_WARN_UNDECLARED_SELECTOR = YES;
				GCC_WARN_UNINITIALIZED_AUTOS = YES_AGGRESSIVE;
				GCC_WARN_UNUSED_FUNCTION = YES;
				GCC_WARN_UNUSED_VARIABLE = YES;
				IPHONEOS_DEPLOYMENT_TARGET = 18.0;
				LOCALIZATION_PREFERS_STRING_CATALOGS = YES;
				MTL_ENABLE_DEBUG_INFO = NO;
				MTL_FAST_MATH = YES;
				SDKROOT = iphoneos;
				SWIFT_COMPILATION_MODE = wholemodule;
				VALIDATE_PRODUCT = YES;
			};
			name = Release;
		};
		06EF04262D497D9700C625AF /* Debug */ = {
			isa = XCBuildConfiguration;
			buildSettings = {
				BUNDLE_LOADER = "$(TEST_HOST)";
				CODE_SIGN_STYLE = Automatic;
				CURRENT_PROJECT_VERSION = 1;
				DEVELOPMENT_TEAM = 5C5657XP2G;
				GENERATE_INFOPLIST_FILE = YES;
				IPHONEOS_DEPLOYMENT_TARGET = 18.0;
				MARKETING_VERSION = 1.0;
				PRODUCT_BUNDLE_IDENTIFIER = "com.mostafa.Personal-TaskTests";
				PRODUCT_NAME = "$(TARGET_NAME)";
				SWIFT_EMIT_LOC_STRINGS = NO;
				SWIFT_VERSION = 5.0;
				TARGETED_DEVICE_FAMILY = "1,2";
				TEST_HOST = "$(BUILT_PRODUCTS_DIR)/Personal-Task.app/$(BUNDLE_EXECUTABLE_FOLDER_PATH)/Personal-Task";
			};
			name = Debug;
		};
		06EF04272D497D9700C625AF /* Release */ = {
			isa = XCBuildConfiguration;
			buildSettings = {
				BUNDLE_LOADER = "$(TEST_HOST)";
				CODE_SIGN_STYLE = Automatic;
				CURRENT_PROJECT_VERSION = 1;
				DEVELOPMENT_TEAM = 5C5657XP2G;
				GENERATE_INFOPLIST_FILE = YES;
				IPHONEOS_DEPLOYMENT_TARGET = 18.0;
				MARKETING_VERSION = 1.0;
				PRODUCT_BUNDLE_IDENTIFIER = "com.mostafa.Personal-TaskTests";
				PRODUCT_NAME = "$(TARGET_NAME)";
				SWIFT_EMIT_LOC_STRINGS = NO;
				SWIFT_VERSION = 5.0;
				TARGETED_DEVICE_FAMILY = "1,2";
				TEST_HOST = "$(BUILT_PRODUCTS_DIR)/Personal-Task.app/$(BUNDLE_EXECUTABLE_FOLDER_PATH)/Personal-Task";
			};
			name = Release;
		};
		06EF04292D497D9700C625AF /* Debug */ = {
			isa = XCBuildConfiguration;
			buildSettings = {
				CODE_SIGN_STYLE = Automatic;
				CURRENT_PROJECT_VERSION = 1;
				DEVELOPMENT_TEAM = 5C5657XP2G;
				GENERATE_INFOPLIST_FILE = YES;
				MARKETING_VERSION = 1.0;
				PRODUCT_BUNDLE_IDENTIFIER = "com.mostafa.Personal-TaskUITests";
				PRODUCT_NAME = "$(TARGET_NAME)";
				SWIFT_EMIT_LOC_STRINGS = NO;
				SWIFT_VERSION = 5.0;
				TARGETED_DEVICE_FAMILY = "1,2";
				TEST_TARGET_NAME = "Personal-Task";
			};
			name = Debug;
		};
		06EF042A2D497D9700C625AF /* Release */ = {
			isa = XCBuildConfiguration;
			buildSettings = {
				CODE_SIGN_STYLE = Automatic;
				CURRENT_PROJECT_VERSION = 1;
				DEVELOPMENT_TEAM = 5C5657XP2G;
				GENERATE_INFOPLIST_FILE = YES;
				MARKETING_VERSION = 1.0;
				PRODUCT_BUNDLE_IDENTIFIER = "com.mostafa.Personal-TaskUITests";
				PRODUCT_NAME = "$(TARGET_NAME)";
				SWIFT_EMIT_LOC_STRINGS = NO;
				SWIFT_VERSION = 5.0;
				TARGETED_DEVICE_FAMILY = "1,2";
				TEST_TARGET_NAME = "Personal-Task";
			};
			name = Release;
		};
/* End XCBuildConfiguration section */

/* Begin XCConfigurationList section */
		06EF03F22D497D9500C625AF /* Build configuration list for PBXProject "Personal-Task" */ = {
			isa = XCConfigurationList;
			buildConfigurations = (
				06EF04232D497D9700C625AF /* Debug */,
				06EF04242D497D9700C625AF /* Release */,
			);
			defaultConfigurationIsVisible = 0;
			defaultConfigurationName = Release;
		};
		06EF04202D497D9700C625AF /* Build configuration list for PBXNativeTarget "Personal-Task" */ = {
			isa = XCConfigurationList;
			buildConfigurations = (
				06EF04212D497D9700C625AF /* Debug */,
				06EF04222D497D9700C625AF /* Release */,
			);
			defaultConfigurationIsVisible = 0;
			defaultConfigurationName = Release;
		};
		06EF04252D497D9700C625AF /* Build configuration list for PBXNativeTarget "Personal-TaskTests" */ = {
			isa = XCConfigurationList;
			buildConfigurations = (
				06EF04262D497D9700C625AF /* Debug */,
				06EF04272D497D9700C625AF /* Release */,
			);
			defaultConfigurationIsVisible = 0;
			defaultConfigurationName = Release;
		};
		06EF04282D497D9700C625AF /* Build configuration list for PBXNativeTarget "Personal-TaskUITests" */ = {
			isa = XCConfigurationList;
			buildConfigurations = (
				06EF04292D497D9700C625AF /* Debug */,
				06EF042A2D497D9700C625AF /* Release */,
			);
			defaultConfigurationIsVisible = 0;
			defaultConfigurationName = Release;
		};
/* End XCConfigurationList section */
	};
	rootObject = 06EF03EF2D497D9500C625AF /* Project object */;
}
